
Microsoft Visual Studio Solution File, Format Version 12.00
# Visual Studio Version 17
VisualStudioVersion = 17.4.33122.133
MinimumVisualStudioVersion = 10.0.40219.1
Project("{FAE04EC0-301F-11D3-BF4B-00C04F79EFBC}") = "Projet_Iliana_Arnaud", "Projet_Iliana_Arnaud.csproj", "{9C3C0AAF-92B2-4F92-9E10-77E74CDB945B}"
EndProject
Global
	GlobalSection(SolutionConfigurationPlatforms) = preSolution
		Debug|Any CPU = Debug|Any CPU
		Release|Any CPU = Release|Any CPU
	EndGlobalSection
	GlobalSection(ProjectConfigurationPlatforms) = postSolution
		{9C3C0AAF-92B2-4F92-9E10-77E74CDB945B}.Debug|Any CPU.ActiveCfg = Debug|Any CPU
		{9C3C0AAF-92B2-4F92-9E10-77E74CDB945B}.Debug|Any CPU.Build.0 = Debug|Any CPU
		{9C3C0AAF-92B2-4F92-9E10-77E74CDB945B}.Release|Any CPU.ActiveCfg = Release|Any CPU
		{9C3C0AAF-92B2-4F92-9E10-77E74CDB945B}.Release|Any CPU.Build.0 = Release|Any CPU
	EndGlobalSection
	GlobalSection(SolutionProperties) = preSolution
		HideSolutionNode = FALSE
	EndGlobalSection
	GlobalSection(ExtensibilityGlobals) = postSolution
		SolutionGuid = {1FC45B07-A81E-4D8B-A683-3AD914667E5E}
	EndGlobalSection
EndGlobal
